// !$*UTF8*$!
{
	archiveVersion = 1;
	classes = {
	};
	objectVersion = 55;
	objects = {

/* Begin PBXBuildFile section */
		950DAC7328D9909600AC27DA /* AppDelegate.swift in Sources */ = {isa = PBXBuildFile; fileRef = 950DAC7228D9909600AC27DA /* AppDelegate.swift */; };
		950DAC7528D9909600AC27DA /* SceneDelegate.swift in Sources */ = {isa = PBXBuildFile; fileRef = 950DAC7428D9909600AC27DA /* SceneDelegate.swift */; };
		950DAC7C28D9909700AC27DA /* Assets.xcassets in Resources */ = {isa = PBXBuildFile; fileRef = 950DAC7B28D9909700AC27DA /* Assets.xcassets */; };
		950DAC7F28D9909700AC27DA /* LaunchScreen.storyboard in Resources */ = {isa = PBXBuildFile; fileRef = 950DAC7D28D9909700AC27DA /* LaunchScreen.storyboard */; };
		950DAC8828D9913D00AC27DA /* FirebaseAuth in Frameworks */ = {isa = PBXBuildFile; productRef = 950DAC8728D9913D00AC27DA /* FirebaseAuth */; };
		950DAC8A28D9913D00AC27DA /* FirebaseFirestore in Frameworks */ = {isa = PBXBuildFile; productRef = 950DAC8928D9913D00AC27DA /* FirebaseFirestore */; };
		950DAC8C28D9913D00AC27DA /* FirebaseFirestoreSwift in Frameworks */ = {isa = PBXBuildFile; productRef = 950DAC8B28D9913D00AC27DA /* FirebaseFirestoreSwift */; };
		950DAC8E28D9913D00AC27DA /* FirebaseStorage in Frameworks */ = {isa = PBXBuildFile; productRef = 950DAC8D28D9913D00AC27DA /* FirebaseStorage */; };
		950DAC9128D9917800AC27DA /* SDWebImage in Frameworks */ = {isa = PBXBuildFile; productRef = 950DAC9028D9917800AC27DA /* SDWebImage */; };
		950DAC9428D991AA00AC27DA /* PKHUD in Frameworks */ = {isa = PBXBuildFile; productRef = 950DAC9328D991AA00AC27DA /* PKHUD */; };
		950DAC9728D992E200AC27DA /* RxCocoa in Frameworks */ = {isa = PBXBuildFile; productRef = 950DAC9628D992E200AC27DA /* RxCocoa */; };
		950DAC9928D992E200AC27DA /* RxRelay in Frameworks */ = {isa = PBXBuildFile; productRef = 950DAC9828D992E200AC27DA /* RxRelay */; };
		950DAC9B28D992E200AC27DA /* RxSwift in Frameworks */ = {isa = PBXBuildFile; productRef = 950DAC9A28D992E200AC27DA /* RxSwift */; };
		950DAC9D28D993B000AC27DA /* GoogleService-Info.plist in Resources */ = {isa = PBXBuildFile; fileRef = 950DAC9C28D993B000AC27DA /* GoogleService-Info.plist */; };
		950DACA028D997A500AC27DA /* MainTabBarViewController.swift in Sources */ = {isa = PBXBuildFile; fileRef = 950DAC9E28D997A500AC27DA /* MainTabBarViewController.swift */; };
		950DACA128D997A500AC27DA /* MainTabBarViewController.xib in Resources */ = {isa = PBXBuildFile; fileRef = 950DAC9F28D997A500AC27DA /* MainTabBarViewController.xib */; };
		950DACA828D9995A00AC27DA /* SearchMusicViewController.swift in Sources */ = {isa = PBXBuildFile; fileRef = 950DACA628D9995A00AC27DA /* SearchMusicViewController.swift */; };
		950DACA928D9995A00AC27DA /* SearchMusicViewController.xib in Resources */ = {isa = PBXBuildFile; fileRef = 950DACA728D9995A00AC27DA /* SearchMusicViewController.xib */; };
		950DACAE28D9999B00AC27DA /* PostsListViewController.swift in Sources */ = {isa = PBXBuildFile; fileRef = 950DACAC28D9999B00AC27DA /* PostsListViewController.swift */; };
		950DACAF28D9999B00AC27DA /* PostsListViewController.xib in Resources */ = {isa = PBXBuildFile; fileRef = 950DACAD28D9999B00AC27DA /* PostsListViewController.xib */; };
		950DACB228D999EC00AC27DA /* ProfileViewController.swift in Sources */ = {isa = PBXBuildFile; fileRef = 950DACB028D999EC00AC27DA /* ProfileViewController.swift */; };
		950DACB328D999EC00AC27DA /* ProfileViewController.xib in Resources */ = {isa = PBXBuildFile; fileRef = 950DACB128D999EC00AC27DA /* ProfileViewController.xib */; };
		9534AA5628DEED6D0065FDD5 /* MusicTableViewCell.swift in Sources */ = {isa = PBXBuildFile; fileRef = 9534AA5428DEED6D0065FDD5 /* MusicTableViewCell.swift */; };
		9534AA5728DEED6D0065FDD5 /* MusicTableViewCell.xib in Resources */ = {isa = PBXBuildFile; fileRef = 9534AA5528DEED6D0065FDD5 /* MusicTableViewCell.xib */; };
		9534AA5C28DEED9D0065FDD5 /* PostTableViewCell.swift in Sources */ = {isa = PBXBuildFile; fileRef = 9534AA5A28DEED9D0065FDD5 /* PostTableViewCell.swift */; };
		9534AA5D28DEED9D0065FDD5 /* PostTableViewCell.xib in Resources */ = {isa = PBXBuildFile; fileRef = 9534AA5B28DEED9D0065FDD5 /* PostTableViewCell.xib */; };
		9534AA6128DEF3070065FDD5 /* LoginViewController.swift in Sources */ = {isa = PBXBuildFile; fileRef = 9534AA5F28DEF3070065FDD5 /* LoginViewController.swift */; };
		9534AA6228DEF3070065FDD5 /* LoginViewController.xib in Resources */ = {isa = PBXBuildFile; fileRef = 9534AA6028DEF3070065FDD5 /* LoginViewController.xib */; };
		9534AA6428DFEFE60065FDD5 /* User.swift in Sources */ = {isa = PBXBuildFile; fileRef = 9534AA6328DFEFE60065FDD5 /* User.swift */; };
		9534AA6928DFF3140065FDD5 /* LoginViewModel.swift in Sources */ = {isa = PBXBuildFile; fileRef = 9534AA6828DFF3140065FDD5 /* LoginViewModel.swift */; };
		95680B4128EC365F00FDDBBC /* MusicSNSApp_MVVMUITests.swift in Sources */ = {isa = PBXBuildFile; fileRef = 95680B4028EC365F00FDDBBC /* MusicSNSApp_MVVMUITests.swift */; };
		95680B4328EC365F00FDDBBC /* MusicSNSApp_MVVMUITestsLaunchTests.swift in Sources */ = {isa = PBXBuildFile; fileRef = 95680B4228EC365F00FDDBBC /* MusicSNSApp_MVVMUITestsLaunchTests.swift */; };
		95680B5028EC366B00FDDBBC /* MusicSNSApp_MVVMTests.swift in Sources */ = {isa = PBXBuildFile; fileRef = 95680B4F28EC366B00FDDBBC /* MusicSNSApp_MVVMTests.swift */; };
		9598109028E027560073A7AF /* RegisterUser.swift in Sources */ = {isa = PBXBuildFile; fileRef = 9598108F28E027560073A7AF /* RegisterUser.swift */; };
		95EC073428EE9998000AD0D5 /* PostMusicViewController.swift in Sources */ = {isa = PBXBuildFile; fileRef = 95EC073228EE9998000AD0D5 /* PostMusicViewController.swift */; };
		95EC073528EE9998000AD0D5 /* PostMusicViewController.xib in Resources */ = {isa = PBXBuildFile; fileRef = 95EC073328EE9998000AD0D5 /* PostMusicViewController.xib */; };
		95FEDA8428E2CFFE00178CDE /* SearchMusicTableViewDataSource.swift in Sources */ = {isa = PBXBuildFile; fileRef = 95FEDA8328E2CFFE00178CDE /* SearchMusicTableViewDataSource.swift */; };
		95FEDA8628E2D0C500178CDE /* Music.swift in Sources */ = {isa = PBXBuildFile; fileRef = 95FEDA8528E2D0C500178CDE /* Music.swift */; };
		95FEDA8828E3CBA100178CDE /* SearchMusicViewModel.swift in Sources */ = {isa = PBXBuildFile; fileRef = 95FEDA8728E3CBA100178CDE /* SearchMusicViewModel.swift */; };
/* End PBXBuildFile section */

/* Begin PBXContainerItemProxy section */
		95680B4428EC365F00FDDBBC /* PBXContainerItemProxy */ = {
			isa = PBXContainerItemProxy;
			containerPortal = 950DAC6728D9909600AC27DA /* Project object */;
			proxyType = 1;
			remoteGlobalIDString = 950DAC6E28D9909600AC27DA;
			remoteInfo = "MusicSNSApp-MVVM";
		};
		95680B5128EC366B00FDDBBC /* PBXContainerItemProxy */ = {
			isa = PBXContainerItemProxy;
			containerPortal = 950DAC6728D9909600AC27DA /* Project object */;
			proxyType = 1;
			remoteGlobalIDString = 950DAC6E28D9909600AC27DA;
			remoteInfo = "MusicSNSApp-MVVM";
		};
/* End PBXContainerItemProxy section */

/* Begin PBXFileReference section */
		950DAC6F28D9909600AC27DA /* MusicSNSApp-MVVM.app */ = {isa = PBXFileReference; explicitFileType = wrapper.application; includeInIndex = 0; path = "MusicSNSApp-MVVM.app"; sourceTree = BUILT_PRODUCTS_DIR; };
		950DAC7228D9909600AC27DA /* AppDelegate.swift */ = {isa = PBXFileReference; lastKnownFileType = sourcecode.swift; path = AppDelegate.swift; sourceTree = "<group>"; };
		950DAC7428D9909600AC27DA /* SceneDelegate.swift */ = {isa = PBXFileReference; lastKnownFileType = sourcecode.swift; path = SceneDelegate.swift; sourceTree = "<group>"; };
		950DAC7B28D9909700AC27DA /* Assets.xcassets */ = {isa = PBXFileReference; lastKnownFileType = folder.assetcatalog; path = Assets.xcassets; sourceTree = "<group>"; };
		950DAC7E28D9909700AC27DA /* Base */ = {isa = PBXFileReference; lastKnownFileType = file.storyboard; name = Base; path = Base.lproj/LaunchScreen.storyboard; sourceTree = "<group>"; };
		950DAC8028D9909700AC27DA /* Info.plist */ = {isa = PBXFileReference; lastKnownFileType = text.plist.xml; path = Info.plist; sourceTree = "<group>"; };
		950DAC9C28D993B000AC27DA /* GoogleService-Info.plist */ = {isa = PBXFileReference; fileEncoding = 4; lastKnownFileType = text.plist.xml; path = "GoogleService-Info.plist"; sourceTree = "<group>"; };
		950DAC9E28D997A500AC27DA /* MainTabBarViewController.swift */ = {isa = PBXFileReference; lastKnownFileType = sourcecode.swift; path = MainTabBarViewController.swift; sourceTree = "<group>"; };
		950DAC9F28D997A500AC27DA /* MainTabBarViewController.xib */ = {isa = PBXFileReference; lastKnownFileType = file.xib; path = MainTabBarViewController.xib; sourceTree = "<group>"; };
		950DACA628D9995A00AC27DA /* SearchMusicViewController.swift */ = {isa = PBXFileReference; lastKnownFileType = sourcecode.swift; path = SearchMusicViewController.swift; sourceTree = "<group>"; };
		950DACA728D9995A00AC27DA /* SearchMusicViewController.xib */ = {isa = PBXFileReference; lastKnownFileType = file.xib; path = SearchMusicViewController.xib; sourceTree = "<group>"; };
		950DACAC28D9999B00AC27DA /* PostsListViewController.swift */ = {isa = PBXFileReference; lastKnownFileType = sourcecode.swift; path = PostsListViewController.swift; sourceTree = "<group>"; };
		950DACAD28D9999B00AC27DA /* PostsListViewController.xib */ = {isa = PBXFileReference; lastKnownFileType = file.xib; path = PostsListViewController.xib; sourceTree = "<group>"; };
		950DACB028D999EC00AC27DA /* ProfileViewController.swift */ = {isa = PBXFileReference; lastKnownFileType = sourcecode.swift; path = ProfileViewController.swift; sourceTree = "<group>"; };
		950DACB128D999EC00AC27DA /* ProfileViewController.xib */ = {isa = PBXFileReference; lastKnownFileType = file.xib; path = ProfileViewController.xib; sourceTree = "<group>"; };
		9534AA5428DEED6D0065FDD5 /* MusicTableViewCell.swift */ = {isa = PBXFileReference; lastKnownFileType = sourcecode.swift; path = MusicTableViewCell.swift; sourceTree = "<group>"; };
		9534AA5528DEED6D0065FDD5 /* MusicTableViewCell.xib */ = {isa = PBXFileReference; lastKnownFileType = file.xib; path = MusicTableViewCell.xib; sourceTree = "<group>"; };
		9534AA5A28DEED9D0065FDD5 /* PostTableViewCell.swift */ = {isa = PBXFileReference; lastKnownFileType = sourcecode.swift; path = PostTableViewCell.swift; sourceTree = "<group>"; };
		9534AA5B28DEED9D0065FDD5 /* PostTableViewCell.xib */ = {isa = PBXFileReference; lastKnownFileType = file.xib; path = PostTableViewCell.xib; sourceTree = "<group>"; };
		9534AA5F28DEF3070065FDD5 /* LoginViewController.swift */ = {isa = PBXFileReference; lastKnownFileType = sourcecode.swift; path = LoginViewController.swift; sourceTree = "<group>"; };
		9534AA6028DEF3070065FDD5 /* LoginViewController.xib */ = {isa = PBXFileReference; lastKnownFileType = file.xib; path = LoginViewController.xib; sourceTree = "<group>"; };
		9534AA6328DFEFE60065FDD5 /* User.swift */ = {isa = PBXFileReference; lastKnownFileType = sourcecode.swift; path = User.swift; sourceTree = "<group>"; };
		9534AA6828DFF3140065FDD5 /* LoginViewModel.swift */ = {isa = PBXFileReference; lastKnownFileType = sourcecode.swift; path = LoginViewModel.swift; sourceTree = "<group>"; };
		95680B3E28EC365F00FDDBBC /* MusicSNSApp-MVVMUITests.xctest */ = {isa = PBXFileReference; explicitFileType = wrapper.cfbundle; includeInIndex = 0; path = "MusicSNSApp-MVVMUITests.xctest"; sourceTree = BUILT_PRODUCTS_DIR; };
		95680B4028EC365F00FDDBBC /* MusicSNSApp_MVVMUITests.swift */ = {isa = PBXFileReference; lastKnownFileType = sourcecode.swift; path = MusicSNSApp_MVVMUITests.swift; sourceTree = "<group>"; };
		95680B4228EC365F00FDDBBC /* MusicSNSApp_MVVMUITestsLaunchTests.swift */ = {isa = PBXFileReference; lastKnownFileType = sourcecode.swift; path = MusicSNSApp_MVVMUITestsLaunchTests.swift; sourceTree = "<group>"; };
		95680B4D28EC366B00FDDBBC /* MusicSNSApp-MVVMTests.xctest */ = {isa = PBXFileReference; explicitFileType = wrapper.cfbundle; includeInIndex = 0; path = "MusicSNSApp-MVVMTests.xctest"; sourceTree = BUILT_PRODUCTS_DIR; };
		95680B4F28EC366B00FDDBBC /* MusicSNSApp_MVVMTests.swift */ = {isa = PBXFileReference; lastKnownFileType = sourcecode.swift; path = MusicSNSApp_MVVMTests.swift; sourceTree = "<group>"; };
		9598108F28E027560073A7AF /* RegisterUser.swift */ = {isa = PBXFileReference; lastKnownFileType = sourcecode.swift; path = RegisterUser.swift; sourceTree = "<group>"; };
		95EC073228EE9998000AD0D5 /* PostMusicViewController.swift */ = {isa = PBXFileReference; lastKnownFileType = sourcecode.swift; path = PostMusicViewController.swift; sourceTree = "<group>"; };
		95EC073328EE9998000AD0D5 /* PostMusicViewController.xib */ = {isa = PBXFileReference; lastKnownFileType = file.xib; path = PostMusicViewController.xib; sourceTree = "<group>"; };
		95FEDA8328E2CFFE00178CDE /* SearchMusicTableViewDataSource.swift */ = {isa = PBXFileReference; lastKnownFileType = sourcecode.swift; path = SearchMusicTableViewDataSource.swift; sourceTree = "<group>"; };
		95FEDA8528E2D0C500178CDE /* Music.swift */ = {isa = PBXFileReference; lastKnownFileType = sourcecode.swift; path = Music.swift; sourceTree = "<group>"; };
		95FEDA8728E3CBA100178CDE /* SearchMusicViewModel.swift */ = {isa = PBXFileReference; lastKnownFileType = sourcecode.swift; path = SearchMusicViewModel.swift; sourceTree = "<group>"; };
/* End PBXFileReference section */

/* Begin PBXFrameworksBuildPhase section */
		950DAC6C28D9909600AC27DA /* Frameworks */ = {
			isa = PBXFrameworksBuildPhase;
			buildActionMask = 2147483647;
			files = (
				950DAC9B28D992E200AC27DA /* RxSwift in Frameworks */,
				950DAC8828D9913D00AC27DA /* FirebaseAuth in Frameworks */,
				950DAC8E28D9913D00AC27DA /* FirebaseStorage in Frameworks */,
				950DAC8A28D9913D00AC27DA /* FirebaseFirestore in Frameworks */,
				950DAC9728D992E200AC27DA /* RxCocoa in Frameworks */,
				950DAC9428D991AA00AC27DA /* PKHUD in Frameworks */,
				950DAC8C28D9913D00AC27DA /* FirebaseFirestoreSwift in Frameworks */,
				950DAC9928D992E200AC27DA /* RxRelay in Frameworks */,
				950DAC9128D9917800AC27DA /* SDWebImage in Frameworks */,
			);
			runOnlyForDeploymentPostprocessing = 0;
		};
		95680B3B28EC365F00FDDBBC /* Frameworks */ = {
			isa = PBXFrameworksBuildPhase;
			buildActionMask = 2147483647;
			files = (
			);
			runOnlyForDeploymentPostprocessing = 0;
		};
		95680B4A28EC366B00FDDBBC /* Frameworks */ = {
			isa = PBXFrameworksBuildPhase;
			buildActionMask = 2147483647;
			files = (
			);
			runOnlyForDeploymentPostprocessing = 0;
		};
/* End PBXFrameworksBuildPhase section */

/* Begin PBXGroup section */
		950DAC6628D9909600AC27DA = {
			isa = PBXGroup;
			children = (
				950DAC7128D9909600AC27DA /* MusicSNSApp-MVVM */,
				95680B3F28EC365F00FDDBBC /* MusicSNSApp-MVVMUITests */,
				95680B4E28EC366B00FDDBBC /* MusicSNSApp-MVVMTests */,
				950DAC7028D9909600AC27DA /* Products */,
			);
			sourceTree = "<group>";
		};
		950DAC7028D9909600AC27DA /* Products */ = {
			isa = PBXGroup;
			children = (
				950DAC6F28D9909600AC27DA /* MusicSNSApp-MVVM.app */,
				95680B3E28EC365F00FDDBBC /* MusicSNSApp-MVVMUITests.xctest */,
				95680B4D28EC366B00FDDBBC /* MusicSNSApp-MVVMTests.xctest */,
			);
			name = Products;
			sourceTree = "<group>";
		};
		950DAC7128D9909600AC27DA /* MusicSNSApp-MVVM */ = {
			isa = PBXGroup;
			children = (
				95FEDA8228E2CF9D00178CDE /* DataSource */,
				950DACA428D998EB00AC27DA /* Model */,
				950DACA328D998E600AC27DA /* Views */,
				950DACA228D998DD00AC27DA /* ViewModels */,
				950DAC7228D9909600AC27DA /* AppDelegate.swift */,
				950DAC7428D9909600AC27DA /* SceneDelegate.swift */,
				950DAC7B28D9909700AC27DA /* Assets.xcassets */,
				950DAC7D28D9909700AC27DA /* LaunchScreen.storyboard */,
				950DAC9C28D993B000AC27DA /* GoogleService-Info.plist */,
				950DAC8028D9909700AC27DA /* Info.plist */,
			);
			path = "MusicSNSApp-MVVM";
			sourceTree = "<group>";
		};
		950DACA228D998DD00AC27DA /* ViewModels */ = {
			isa = PBXGroup;
			children = (
				9534AA6828DFF3140065FDD5 /* LoginViewModel.swift */,
				95FEDA8728E3CBA100178CDE /* SearchMusicViewModel.swift */,
			);
			path = ViewModels;
			sourceTree = "<group>";
		};
		950DACA328D998E600AC27DA /* Views */ = {
			isa = PBXGroup;
			children = (
				9534AA5E28DEF2DF0065FDD5 /* Login */,
				950DACB428D999F200AC27DA /* Profile */,
				950DACAB28D9997E00AC27DA /* PostsList */,
				950DACAA28D9995F00AC27DA /* SearchMusic */,
				950DACA528D998F700AC27DA /* MainTabBar */,
			);
			path = Views;
			sourceTree = "<group>";
		};
		950DACA428D998EB00AC27DA /* Model */ = {
			isa = PBXGroup;
			children = (
				9534AA6328DFEFE60065FDD5 /* User.swift */,
				9598108F28E027560073A7AF /* RegisterUser.swift */,
				95FEDA8528E2D0C500178CDE /* Music.swift */,
			);
			path = Model;
			sourceTree = "<group>";
		};
		950DACA528D998F700AC27DA /* MainTabBar */ = {
			isa = PBXGroup;
			children = (
				950DAC9F28D997A500AC27DA /* MainTabBarViewController.xib */,
				950DAC9E28D997A500AC27DA /* MainTabBarViewController.swift */,
			);
			path = MainTabBar;
			sourceTree = "<group>";
		};
		950DACAA28D9995F00AC27DA /* SearchMusic */ = {
			isa = PBXGroup;
			children = (
				950DACA728D9995A00AC27DA /* SearchMusicViewController.xib */,
				950DACA628D9995A00AC27DA /* SearchMusicViewController.swift */,
				95EC073228EE9998000AD0D5 /* PostMusicViewController.swift */,
				95EC073328EE9998000AD0D5 /* PostMusicViewController.xib */,
				9534AA5828DEED740065FDD5 /* Cell */,
			);
			path = SearchMusic;
			sourceTree = "<group>";
		};
		950DACAB28D9997E00AC27DA /* PostsList */ = {
			isa = PBXGroup;
			children = (
				950DACAC28D9999B00AC27DA /* PostsListViewController.swift */,
				950DACAD28D9999B00AC27DA /* PostsListViewController.xib */,
				9534AA5928DEED8A0065FDD5 /* Cell */,
			);
			path = PostsList;
			sourceTree = "<group>";
		};
		950DACB428D999F200AC27DA /* Profile */ = {
			isa = PBXGroup;
			children = (
				950DACB128D999EC00AC27DA /* ProfileViewController.xib */,
				950DACB028D999EC00AC27DA /* ProfileViewController.swift */,
			);
			path = Profile;
			sourceTree = "<group>";
		};
		9534AA5828DEED740065FDD5 /* Cell */ = {
			isa = PBXGroup;
			children = (
				9534AA5428DEED6D0065FDD5 /* MusicTableViewCell.swift */,
				9534AA5528DEED6D0065FDD5 /* MusicTableViewCell.xib */,
			);
			path = Cell;
			sourceTree = "<group>";
		};
		9534AA5928DEED8A0065FDD5 /* Cell */ = {
			isa = PBXGroup;
			children = (
				9534AA5A28DEED9D0065FDD5 /* PostTableViewCell.swift */,
				9534AA5B28DEED9D0065FDD5 /* PostTableViewCell.xib */,
			);
			path = Cell;
			sourceTree = "<group>";
		};
		9534AA5E28DEF2DF0065FDD5 /* Login */ = {
			isa = PBXGroup;
			children = (
				9534AA5F28DEF3070065FDD5 /* LoginViewController.swift */,
				9534AA6028DEF3070065FDD5 /* LoginViewController.xib */,
			);
			path = Login;
			sourceTree = "<group>";
		};
		95680B3F28EC365F00FDDBBC /* MusicSNSApp-MVVMUITests */ = {
			isa = PBXGroup;
			children = (
				95680B4028EC365F00FDDBBC /* MusicSNSApp_MVVMUITests.swift */,
				95680B4228EC365F00FDDBBC /* MusicSNSApp_MVVMUITestsLaunchTests.swift */,
			);
			path = "MusicSNSApp-MVVMUITests";
			sourceTree = "<group>";
		};
		95680B4E28EC366B00FDDBBC /* MusicSNSApp-MVVMTests */ = {
			isa = PBXGroup;
			children = (
				95680B4F28EC366B00FDDBBC /* MusicSNSApp_MVVMTests.swift */,
			);
			path = "MusicSNSApp-MVVMTests";
			sourceTree = "<group>";
		};
		95FEDA8228E2CF9D00178CDE /* DataSource */ = {
			isa = PBXGroup;
			children = (
				95FEDA8328E2CFFE00178CDE /* SearchMusicTableViewDataSource.swift */,
			);
			path = DataSource;
			sourceTree = "<group>";
		};
/* End PBXGroup section */

/* Begin PBXNativeTarget section */
		950DAC6E28D9909600AC27DA /* MusicSNSApp-MVVM */ = {
			isa = PBXNativeTarget;
			buildConfigurationList = 950DAC8328D9909700AC27DA /* Build configuration list for PBXNativeTarget "MusicSNSApp-MVVM" */;
			buildPhases = (
				950DAC6B28D9909600AC27DA /* Sources */,
				950DAC6C28D9909600AC27DA /* Frameworks */,
				950DAC6D28D9909600AC27DA /* Resources */,
			);
			buildRules = (
			);
			dependencies = (
			);
			name = "MusicSNSApp-MVVM";
			packageProductDependencies = (
				950DAC8728D9913D00AC27DA /* FirebaseAuth */,
				950DAC8928D9913D00AC27DA /* FirebaseFirestore */,
				950DAC8B28D9913D00AC27DA /* FirebaseFirestoreSwift */,
				950DAC8D28D9913D00AC27DA /* FirebaseStorage */,
				950DAC9028D9917800AC27DA /* SDWebImage */,
				950DAC9328D991AA00AC27DA /* PKHUD */,
				950DAC9628D992E200AC27DA /* RxCocoa */,
				950DAC9828D992E200AC27DA /* RxRelay */,
				950DAC9A28D992E200AC27DA /* RxSwift */,
			);
			productName = "MusicSNSApp-MVVM";
			productReference = 950DAC6F28D9909600AC27DA /* MusicSNSApp-MVVM.app */;
			productType = "com.apple.product-type.application";
		};
		95680B3D28EC365F00FDDBBC /* MusicSNSApp-MVVMUITests */ = {
			isa = PBXNativeTarget;
			buildConfigurationList = 95680B4828EC365F00FDDBBC /* Build configuration list for PBXNativeTarget "MusicSNSApp-MVVMUITests" */;
			buildPhases = (
				95680B3A28EC365F00FDDBBC /* Sources */,
				95680B3B28EC365F00FDDBBC /* Frameworks */,
				95680B3C28EC365F00FDDBBC /* Resources */,
			);
			buildRules = (
			);
			dependencies = (
				95680B4528EC365F00FDDBBC /* PBXTargetDependency */,
			);
			name = "MusicSNSApp-MVVMUITests";
			productName = "MusicSNSApp-MVVMUITests";
			productReference = 95680B3E28EC365F00FDDBBC /* MusicSNSApp-MVVMUITests.xctest */;
			productType = "com.apple.product-type.bundle.ui-testing";
		};
		95680B4C28EC366B00FDDBBC /* MusicSNSApp-MVVMTests */ = {
			isa = PBXNativeTarget;
			buildConfigurationList = 95680B5328EC366B00FDDBBC /* Build configuration list for PBXNativeTarget "MusicSNSApp-MVVMTests" */;
			buildPhases = (
				95680B4928EC366B00FDDBBC /* Sources */,
				95680B4A28EC366B00FDDBBC /* Frameworks */,
				95680B4B28EC366B00FDDBBC /* Resources */,
			);
			buildRules = (
			);
			dependencies = (
				95680B5228EC366B00FDDBBC /* PBXTargetDependency */,
			);
			name = "MusicSNSApp-MVVMTests";
			productName = "MusicSNSApp-MVVMTests";
			productReference = 95680B4D28EC366B00FDDBBC /* MusicSNSApp-MVVMTests.xctest */;
			productType = "com.apple.product-type.bundle.unit-test";
		};
/* End PBXNativeTarget section */

/* Begin PBXProject section */
		950DAC6728D9909600AC27DA /* Project object */ = {
			isa = PBXProject;
			attributes = {
				BuildIndependentTargetsInParallel = 1;
				LastSwiftUpdateCheck = 1400;
				LastUpgradeCheck = 1340;
				TargetAttributes = {
					950DAC6E28D9909600AC27DA = {
						CreatedOnToolsVersion = 13.4.1;
					};
					95680B3D28EC365F00FDDBBC = {
						CreatedOnToolsVersion = 14.0.1;
						TestTargetID = 950DAC6E28D9909600AC27DA;
					};
					95680B4C28EC366B00FDDBBC = {
						CreatedOnToolsVersion = 14.0.1;
						TestTargetID = 950DAC6E28D9909600AC27DA;
					};
				};
			};
			buildConfigurationList = 950DAC6A28D9909600AC27DA /* Build configuration list for PBXProject "MusicSNSApp-MVVM" */;
			compatibilityVersion = "Xcode 13.0";
			developmentRegion = en;
			hasScannedForEncodings = 0;
			knownRegions = (
				en,
				Base,
			);
			mainGroup = 950DAC6628D9909600AC27DA;
			packageReferences = (
				950DAC8628D9913D00AC27DA /* XCRemoteSwiftPackageReference "firebase-ios-sdk" */,
				950DAC8F28D9917800AC27DA /* XCRemoteSwiftPackageReference "SDWebImage" */,
				950DAC9228D991AA00AC27DA /* XCRemoteSwiftPackageReference "PKHUD" */,
				950DAC9528D992E200AC27DA /* XCRemoteSwiftPackageReference "RxSwift" */,
			);
			productRefGroup = 950DAC7028D9909600AC27DA /* Products */;
			projectDirPath = "";
			projectRoot = "";
			targets = (
				950DAC6E28D9909600AC27DA /* MusicSNSApp-MVVM */,
				95680B3D28EC365F00FDDBBC /* MusicSNSApp-MVVMUITests */,
				95680B4C28EC366B00FDDBBC /* MusicSNSApp-MVVMTests */,
			);
		};
/* End PBXProject section */

/* Begin PBXResourcesBuildPhase section */
		950DAC6D28D9909600AC27DA /* Resources */ = {
			isa = PBXResourcesBuildPhase;
			buildActionMask = 2147483647;
			files = (
				9534AA6228DEF3070065FDD5 /* LoginViewController.xib in Resources */,
				950DACB328D999EC00AC27DA /* ProfileViewController.xib in Resources */,
				950DACAF28D9999B00AC27DA /* PostsListViewController.xib in Resources */,
				950DAC7F28D9909700AC27DA /* LaunchScreen.storyboard in Resources */,
				9534AA5D28DEED9D0065FDD5 /* PostTableViewCell.xib in Resources */,
				9534AA5728DEED6D0065FDD5 /* MusicTableViewCell.xib in Resources */,
				950DAC9D28D993B000AC27DA /* GoogleService-Info.plist in Resources */,
				950DACA128D997A500AC27DA /* MainTabBarViewController.xib in Resources */,
				950DAC7C28D9909700AC27DA /* Assets.xcassets in Resources */,
				95EC073528EE9998000AD0D5 /* PostMusicViewController.xib in Resources */,
				950DACA928D9995A00AC27DA /* SearchMusicViewController.xib in Resources */,
			);
			runOnlyForDeploymentPostprocessing = 0;
		};
		95680B3C28EC365F00FDDBBC /* Resources */ = {
			isa = PBXResourcesBuildPhase;
			buildActionMask = 2147483647;
			files = (
			);
			runOnlyForDeploymentPostprocessing = 0;
		};
		95680B4B28EC366B00FDDBBC /* Resources */ = {
			isa = PBXResourcesBuildPhase;
			buildActionMask = 2147483647;
			files = (
			);
			runOnlyForDeploymentPostprocessing = 0;
		};
/* End PBXResourcesBuildPhase section */

/* Begin PBXSourcesBuildPhase section */
		950DAC6B28D9909600AC27DA /* Sources */ = {
			isa = PBXSourcesBuildPhase;
			buildActionMask = 2147483647;
			files = (
				95FEDA8828E3CBA100178CDE /* SearchMusicViewModel.swift in Sources */,
				9534AA6128DEF3070065FDD5 /* LoginViewController.swift in Sources */,
				9598109028E027560073A7AF /* RegisterUser.swift in Sources */,
				950DACB228D999EC00AC27DA /* ProfileViewController.swift in Sources */,
				950DACA828D9995A00AC27DA /* SearchMusicViewController.swift in Sources */,
				950DACAE28D9999B00AC27DA /* PostsListViewController.swift in Sources */,
				9534AA5C28DEED9D0065FDD5 /* PostTableViewCell.swift in Sources */,
				950DACA028D997A500AC27DA /* MainTabBarViewController.swift in Sources */,
				9534AA5628DEED6D0065FDD5 /* MusicTableViewCell.swift in Sources */,
				950DAC7328D9909600AC27DA /* AppDelegate.swift in Sources */,
				9534AA6928DFF3140065FDD5 /* LoginViewModel.swift in Sources */,
				95FEDA8428E2CFFE00178CDE /* SearchMusicTableViewDataSource.swift in Sources */,
				95FEDA8628E2D0C500178CDE /* Music.swift in Sources */,
				9534AA6428DFEFE60065FDD5 /* User.swift in Sources */,
				95EC073428EE9998000AD0D5 /* PostMusicViewController.swift in Sources */,
				950DAC7528D9909600AC27DA /* SceneDelegate.swift in Sources */,
			);
			runOnlyForDeploymentPostprocessing = 0;
		};
		95680B3A28EC365F00FDDBBC /* Sources */ = {
			isa = PBXSourcesBuildPhase;
			buildActionMask = 2147483647;
			files = (
				95680B4128EC365F00FDDBBC /* MusicSNSApp_MVVMUITests.swift in Sources */,
				95680B4328EC365F00FDDBBC /* MusicSNSApp_MVVMUITestsLaunchTests.swift in Sources */,
			);
			runOnlyForDeploymentPostprocessing = 0;
		};
		95680B4928EC366B00FDDBBC /* Sources */ = {
			isa = PBXSourcesBuildPhase;
			buildActionMask = 2147483647;
			files = (
				95680B5028EC366B00FDDBBC /* MusicSNSApp_MVVMTests.swift in Sources */,
			);
			runOnlyForDeploymentPostprocessing = 0;
		};
/* End PBXSourcesBuildPhase section */

/* Begin PBXTargetDependency section */
		95680B4528EC365F00FDDBBC /* PBXTargetDependency */ = {
			isa = PBXTargetDependency;
			target = 950DAC6E28D9909600AC27DA /* MusicSNSApp-MVVM */;
			targetProxy = 95680B4428EC365F00FDDBBC /* PBXContainerItemProxy */;
		};
		95680B5228EC366B00FDDBBC /* PBXTargetDependency */ = {
			isa = PBXTargetDependency;
			target = 950DAC6E28D9909600AC27DA /* MusicSNSApp-MVVM */;
			targetProxy = 95680B5128EC366B00FDDBBC /* PBXContainerItemProxy */;
		};
/* End PBXTargetDependency section */

/* Begin PBXVariantGroup section */
		950DAC7D28D9909700AC27DA /* LaunchScreen.storyboard */ = {
			isa = PBXVariantGroup;
			children = (
				950DAC7E28D9909700AC27DA /* Base */,
			);
			name = LaunchScreen.storyboard;
			sourceTree = "<group>";
		};
/* End PBXVariantGroup section */

/* Begin XCBuildConfiguration section */
		950DAC8128D9909700AC27DA /* Debug */ = {
			isa = XCBuildConfiguration;
			buildSettings = {
				ALWAYS_SEARCH_USER_PATHS = NO;
				CLANG_ANALYZER_NONNULL = YES;
				CLANG_ANALYZER_NUMBER_OBJECT_CONVERSION = YES_AGGRESSIVE;
				CLANG_CXX_LANGUAGE_STANDARD = "gnu++17";
				CLANG_ENABLE_MODULES = YES;
				CLANG_ENABLE_OBJC_ARC = YES;
				CLANG_ENABLE_OBJC_WEAK = YES;
				CLANG_WARN_BLOCK_CAPTURE_AUTORELEASING = YES;
				CLANG_WARN_BOOL_CONVERSION = YES;
				CLANG_WARN_COMMA = YES;
				CLANG_WARN_CONSTANT_CONVERSION = YES;
				CLANG_WARN_DEPRECATED_OBJC_IMPLEMENTATIONS = YES;
				CLANG_WARN_DIRECT_OBJC_ISA_USAGE = YES_ERROR;
				CLANG_WARN_DOCUMENTATION_COMMENTS = YES;
				CLANG_WARN_EMPTY_BODY = YES;
				CLANG_WARN_ENUM_CONVERSION = YES;
				CLANG_WARN_INFINITE_RECURSION = YES;
				CLANG_WARN_INT_CONVERSION = YES;
				CLANG_WARN_NON_LITERAL_NULL_CONVERSION = YES;
				CLANG_WARN_OBJC_IMPLICIT_RETAIN_SELF = YES;
				CLANG_WARN_OBJC_LITERAL_CONVERSION = YES;
				CLANG_WARN_OBJC_ROOT_CLASS = YES_ERROR;
				CLANG_WARN_QUOTED_INCLUDE_IN_FRAMEWORK_HEADER = YES;
				CLANG_WARN_RANGE_LOOP_ANALYSIS = YES;
				CLANG_WARN_STRICT_PROTOTYPES = YES;
				CLANG_WARN_SUSPICIOUS_MOVE = YES;
				CLANG_WARN_UNGUARDED_AVAILABILITY = YES_AGGRESSIVE;
				CLANG_WARN_UNREACHABLE_CODE = YES;
				CLANG_WARN__DUPLICATE_METHOD_MATCH = YES;
				COPY_PHASE_STRIP = NO;
				DEBUG_INFORMATION_FORMAT = dwarf;
				ENABLE_STRICT_OBJC_MSGSEND = YES;
				ENABLE_TESTABILITY = YES;
				GCC_C_LANGUAGE_STANDARD = gnu11;
				GCC_DYNAMIC_NO_PIC = NO;
				GCC_NO_COMMON_BLOCKS = YES;
				GCC_OPTIMIZATION_LEVEL = 0;
				GCC_PREPROCESSOR_DEFINITIONS = (
					"DEBUG=1",
					"$(inherited)",
				);
				GCC_WARN_64_TO_32_BIT_CONVERSION = YES;
				GCC_WARN_ABOUT_RETURN_TYPE = YES_ERROR;
				GCC_WARN_UNDECLARED_SELECTOR = YES;
				GCC_WARN_UNINITIALIZED_AUTOS = YES_AGGRESSIVE;
				GCC_WARN_UNUSED_FUNCTION = YES;
				GCC_WARN_UNUSED_VARIABLE = YES;
				IPHONEOS_DEPLOYMENT_TARGET = 15.5;
				MTL_ENABLE_DEBUG_INFO = INCLUDE_SOURCE;
				MTL_FAST_MATH = YES;
				ONLY_ACTIVE_ARCH = YES;
				SDKROOT = iphoneos;
				SWIFT_ACTIVE_COMPILATION_CONDITIONS = DEBUG;
				SWIFT_OPTIMIZATION_LEVEL = "-Onone";
			};
			name = Debug;
		};
		950DAC8228D9909700AC27DA /* Release */ = {
			isa = XCBuildConfiguration;
			buildSettings = {
				ALWAYS_SEARCH_USER_PATHS = NO;
				CLANG_ANALYZER_NONNULL = YES;
				CLANG_ANALYZER_NUMBER_OBJECT_CONVERSION = YES_AGGRESSIVE;
				CLANG_CXX_LANGUAGE_STANDARD = "gnu++17";
				CLANG_ENABLE_MODULES = YES;
				CLANG_ENABLE_OBJC_ARC = YES;
				CLANG_ENABLE_OBJC_WEAK = YES;
				CLANG_WARN_BLOCK_CAPTURE_AUTORELEASING = YES;
				CLANG_WARN_BOOL_CONVERSION = YES;
				CLANG_WARN_COMMA = YES;
				CLANG_WARN_CONSTANT_CONVERSION = YES;
				CLANG_WARN_DEPRECATED_OBJC_IMPLEMENTATIONS = YES;
				CLANG_WARN_DIRECT_OBJC_ISA_USAGE = YES_ERROR;
				CLANG_WARN_DOCUMENTATION_COMMENTS = YES;
				CLANG_WARN_EMPTY_BODY = YES;
				CLANG_WARN_ENUM_CONVERSION = YES;
				CLANG_WARN_INFINITE_RECURSION = YES;
				CLANG_WARN_INT_CONVERSION = YES;
				CLANG_WARN_NON_LITERAL_NULL_CONVERSION = YES;
				CLANG_WARN_OBJC_IMPLICIT_RETAIN_SELF = YES;
				CLANG_WARN_OBJC_LITERAL_CONVERSION = YES;
				CLANG_WARN_OBJC_ROOT_CLASS = YES_ERROR;
				CLANG_WARN_QUOTED_INCLUDE_IN_FRAMEWORK_HEADER = YES;
				CLANG_WARN_RANGE_LOOP_ANALYSIS = YES;
				CLANG_WARN_STRICT_PROTOTYPES = YES;
				CLANG_WARN_SUSPICIOUS_MOVE = YES;
				CLANG_WARN_UNGUARDED_AVAILABILITY = YES_AGGRESSIVE;
				CLANG_WARN_UNREACHABLE_CODE = YES;
				CLANG_WARN__DUPLICATE_METHOD_MATCH = YES;
				COPY_PHASE_STRIP = NO;
				DEBUG_INFORMATION_FORMAT = "dwarf-with-dsym";
				ENABLE_NS_ASSERTIONS = NO;
				ENABLE_STRICT_OBJC_MSGSEND = YES;
				GCC_C_LANGUAGE_STANDARD = gnu11;
				GCC_NO_COMMON_BLOCKS = YES;
				GCC_WARN_64_TO_32_BIT_CONVERSION = YES;
				GCC_WARN_ABOUT_RETURN_TYPE = YES_ERROR;
				GCC_WARN_UNDECLARED_SELECTOR = YES;
				GCC_WARN_UNINITIALIZED_AUTOS = YES_AGGRESSIVE;
				GCC_WARN_UNUSED_FUNCTION = YES;
				GCC_WARN_UNUSED_VARIABLE = YES;
				IPHONEOS_DEPLOYMENT_TARGET = 15.5;
				MTL_ENABLE_DEBUG_INFO = NO;
				MTL_FAST_MATH = YES;
				SDKROOT = iphoneos;
				SWIFT_COMPILATION_MODE = wholemodule;
				SWIFT_OPTIMIZATION_LEVEL = "-O";
				VALIDATE_PRODUCT = YES;
			};
			name = Release;
		};
		950DAC8428D9909700AC27DA /* Debug */ = {
			isa = XCBuildConfiguration;
			buildSettings = {
				ASSETCATALOG_COMPILER_APPICON_NAME = AppIcon;
				ASSETCATALOG_COMPILER_GLOBAL_ACCENT_COLOR_NAME = AccentColor;
				CODE_SIGN_STYLE = Automatic;
				CURRENT_PROJECT_VERSION = 1;
				DEVELOPMENT_TEAM = 7X9S244452;
				GENERATE_INFOPLIST_FILE = YES;
				INFOPLIST_FILE = "MusicSNSApp-MVVM/Info.plist";
				INFOPLIST_KEY_UIApplicationSupportsIndirectInputEvents = YES;
				INFOPLIST_KEY_UILaunchStoryboardName = LaunchScreen;
				INFOPLIST_KEY_UISupportedInterfaceOrientations_iPad = "UIInterfaceOrientationPortrait UIInterfaceOrientationPortraitUpsideDown UIInterfaceOrientationLandscapeLeft UIInterfaceOrientationLandscapeRight";
				INFOPLIST_KEY_UISupportedInterfaceOrientations_iPhone = "UIInterfaceOrientationPortrait UIInterfaceOrientationLandscapeLeft UIInterfaceOrientationLandscapeRight";
				LD_RUNPATH_SEARCH_PATHS = (
					"$(inherited)",
					"@executable_path/Frameworks",
				);
				MARKETING_VERSION = 1.0;
				PRODUCT_BUNDLE_IDENTIFIER = "com.mkondo.MusicSNSApp-MVVM";
				PRODUCT_NAME = "$(TARGET_NAME)";
				SWIFT_EMIT_LOC_STRINGS = YES;
				SWIFT_VERSION = 5.0;
				TARGETED_DEVICE_FAMILY = "1,2";
			};
			name = Debug;
		};
		950DAC8528D9909700AC27DA /* Release */ = {
			isa = XCBuildConfiguration;
			buildSettings = {
				ASSETCATALOG_COMPILER_APPICON_NAME = AppIcon;
				ASSETCATALOG_COMPILER_GLOBAL_ACCENT_COLOR_NAME = AccentColor;
				CODE_SIGN_STYLE = Automatic;
				CURRENT_PROJECT_VERSION = 1;
				DEVELOPMENT_TEAM = 7X9S244452;
				GENERATE_INFOPLIST_FILE = YES;
				INFOPLIST_FILE = "MusicSNSApp-MVVM/Info.plist";
				INFOPLIST_KEY_UIApplicationSupportsIndirectInputEvents = YES;
				INFOPLIST_KEY_UILaunchStoryboardName = LaunchScreen;
				INFOPLIST_KEY_UISupportedInterfaceOrientations_iPad = "UIInterfaceOrientationPortrait UIInterfaceOrientationPortraitUpsideDown UIInterfaceOrientationLandscapeLeft UIInterfaceOrientationLandscapeRight";
				INFOPLIST_KEY_UISupportedInterfaceOrientations_iPhone = "UIInterfaceOrientationPortrait UIInterfaceOrientationLandscapeLeft UIInterfaceOrientationLandscapeRight";
				LD_RUNPATH_SEARCH_PATHS = (
					"$(inherited)",
					"@executable_path/Frameworks",
				);
				MARKETING_VERSION = 1.0;
				PRODUCT_BUNDLE_IDENTIFIER = "com.mkondo.MusicSNSApp-MVVM";
				PRODUCT_NAME = "$(TARGET_NAME)";
				SWIFT_EMIT_LOC_STRINGS = YES;
				SWIFT_VERSION = 5.0;
				TARGETED_DEVICE_FAMILY = "1,2";
			};
			name = Release;
		};
		95680B4628EC365F00FDDBBC /* Debug */ = {
			isa = XCBuildConfiguration;
			buildSettings = {
				CLANG_CXX_LANGUAGE_STANDARD = "gnu++20";
				CODE_SIGN_STYLE = Automatic;
				CURRENT_PROJECT_VERSION = 1;
				DEVELOPMENT_TEAM = 7X9S244452;
				GENERATE_INFOPLIST_FILE = YES;
				IPHONEOS_DEPLOYMENT_TARGET = 16.0;
				MARKETING_VERSION = 1.0;
				PRODUCT_BUNDLE_IDENTIFIER = "com.mkondo.MusicSNSApp-MVVMUITests";
				PRODUCT_NAME = "$(TARGET_NAME)";
				SWIFT_EMIT_LOC_STRINGS = NO;
				SWIFT_VERSION = 5.0;
				TARGETED_DEVICE_FAMILY = "1,2";
				TEST_TARGET_NAME = "MusicSNSApp-MVVM";
			};
			name = Debug;
		};
		95680B4728EC365F00FDDBBC /* Release */ = {
			isa = XCBuildConfiguration;
			buildSettings = {
				CLANG_CXX_LANGUAGE_STANDARD = "gnu++20";
				CODE_SIGN_STYLE = Automatic;
				CURRENT_PROJECT_VERSION = 1;
				DEVELOPMENT_TEAM = 7X9S244452;
				GENERATE_INFOPLIST_FILE = YES;
				IPHONEOS_DEPLOYMENT_TARGET = 16.0;
				MARKETING_VERSION = 1.0;
				PRODUCT_BUNDLE_IDENTIFIER = "com.mkondo.MusicSNSApp-MVVMUITests";
				PRODUCT_NAME = "$(TARGET_NAME)";
				SWIFT_EMIT_LOC_STRINGS = NO;
				SWIFT_VERSION = 5.0;
				TARGETED_DEVICE_FAMILY = "1,2";
				TEST_TARGET_NAME = "MusicSNSApp-MVVM";
			};
			name = Release;
		};
		95680B5428EC366B00FDDBBC /* Debug */ = {
			isa = XCBuildConfiguration;
			buildSettings = {
				BUNDLE_LOADER = "$(TEST_HOST)";
				CLANG_CXX_LANGUAGE_STANDARD = "gnu++20";
				CODE_SIGN_STYLE = Automatic;
				CURRENT_PROJECT_VERSION = 1;
				DEVELOPMENT_TEAM = 7X9S244452;
				GENERATE_INFOPLIST_FILE = YES;
				IPHONEOS_DEPLOYMENT_TARGET = 16.0;
				MARKETING_VERSION = 1.0;
				PRODUCT_BUNDLE_IDENTIFIER = "com.mkondo.MusicSNSApp-MVVMTests";
				PRODUCT_NAME = "$(TARGET_NAME)";
				SWIFT_EMIT_LOC_STRINGS = NO;
				SWIFT_VERSION = 5.0;
				TARGETED_DEVICE_FAMILY = "1,2";
				TEST_HOST = "$(BUILT_PRODUCTS_DIR)/MusicSNSApp-MVVM.app/$(BUNDLE_EXECUTABLE_FOLDER_PATH)/MusicSNSApp-MVVM";
			};
			name = Debug;
		};
		95680B5528EC366B00FDDBBC /* Release */ = {
			isa = XCBuildConfiguration;
			buildSettings = {
				BUNDLE_LOADER = "$(TEST_HOST)";
				CLANG_CXX_LANGUAGE_STANDARD = "gnu++20";
				CODE_SIGN_STYLE = Automatic;
				CURRENT_PROJECT_VERSION = 1;
				DEVELOPMENT_TEAM = 7X9S244452;
				GENERATE_INFOPLIST_FILE = YES;
				IPHONEOS_DEPLOYMENT_TARGET = 16.0;
				MARKETING_VERSION = 1.0;
				PRODUCT_BUNDLE_IDENTIFIER = "com.mkondo.MusicSNSApp-MVVMTests";
				PRODUCT_NAME = "$(TARGET_NAME)";
				SWIFT_EMIT_LOC_STRINGS = NO;
				SWIFT_VERSION = 5.0;
				TARGETED_DEVICE_FAMILY = "1,2";
				TEST_HOST = "$(BUILT_PRODUCTS_DIR)/MusicSNSApp-MVVM.app/$(BUNDLE_EXECUTABLE_FOLDER_PATH)/MusicSNSApp-MVVM";
			};
			name = Release;
		};
/* End XCBuildConfiguration section */

/* Begin XCConfigurationList section */
		950DAC6A28D9909600AC27DA /* Build configuration list for PBXProject "MusicSNSApp-MVVM" */ = {
			isa = XCConfigurationList;
			buildConfigurations = (
				950DAC8128D9909700AC27DA /* Debug */,
				950DAC8228D9909700AC27DA /* Release */,
			);
			defaultConfigurationIsVisible = 0;
			defaultConfigurationName = Release;
		};
		950DAC8328D9909700AC27DA /* Build configuration list for PBXNativeTarget "MusicSNSApp-MVVM" */ = {
			isa = XCConfigurationList;
			buildConfigurations = (
				950DAC8428D9909700AC27DA /* Debug */,
				950DAC8528D9909700AC27DA /* Release */,
			);
			defaultConfigurationIsVisible = 0;
			defaultConfigurationName = Release;
		};
		95680B4828EC365F00FDDBBC /* Build configuration list for PBXNativeTarget "MusicSNSApp-MVVMUITests" */ = {
			isa = XCConfigurationList;
			buildConfigurations = (
				95680B4628EC365F00FDDBBC /* Debug */,
				95680B4728EC365F00FDDBBC /* Release */,
			);
			defaultConfigurationIsVisible = 0;
			defaultConfigurationName = Release;
		};
		95680B5328EC366B00FDDBBC /* Build configuration list for PBXNativeTarget "MusicSNSApp-MVVMTests" */ = {
			isa = XCConfigurationList;
			buildConfigurations = (
				95680B5428EC366B00FDDBBC /* Debug */,
				95680B5528EC366B00FDDBBC /* Release */,
			);
			defaultConfigurationIsVisible = 0;
			defaultConfigurationName = Release;
		};
/* End XCConfigurationList section */

/* Begin XCRemoteSwiftPackageReference section */
		950DAC8628D9913D00AC27DA /* XCRemoteSwiftPackageReference "firebase-ios-sdk" */ = {
			isa = XCRemoteSwiftPackageReference;
			repositoryURL = "https://github.com/firebase/firebase-ios-sdk.git";
			requirement = {
				branch = master;
				kind = branch;
			};
		};
		950DAC8F28D9917800AC27DA /* XCRemoteSwiftPackageReference "SDWebImage" */ = {
			isa = XCRemoteSwiftPackageReference;
			repositoryURL = "https://github.com/SDWebImage/SDWebImage";
			requirement = {
				kind = upToNextMajorVersion;
				minimumVersion = 5.0.0;
			};
		};
		950DAC9228D991AA00AC27DA /* XCRemoteSwiftPackageReference "PKHUD" */ = {
			isa = XCRemoteSwiftPackageReference;
			repositoryURL = "https://github.com/pkluz/PKHUD";
			requirement = {
				branch = master;
				kind = branch;
			};
		};
		950DAC9528D992E200AC27DA /* XCRemoteSwiftPackageReference "RxSwift" */ = {
			isa = XCRemoteSwiftPackageReference;
			repositoryURL = "https://github.com/ReactiveX/RxSwift";
			requirement = {
				kind = upToNextMajorVersion;
				minimumVersion = 6.0.0;
			};
		};
/* End XCRemoteSwiftPackageReference section */

/* Begin XCSwiftPackageProductDependency section */
		950DAC8728D9913D00AC27DA /* FirebaseAuth */ = {
			isa = XCSwiftPackageProductDependency;
			package = 950DAC8628D9913D00AC27DA /* XCRemoteSwiftPackageReference "firebase-ios-sdk" */;
			productName = FirebaseAuth;
		};
		950DAC8928D9913D00AC27DA /* FirebaseFirestore */ = {
			isa = XCSwiftPackageProductDependency;
			package = 950DAC8628D9913D00AC27DA /* XCRemoteSwiftPackageReference "firebase-ios-sdk" */;
			productName = FirebaseFirestore;
		};
		950DAC8B28D9913D00AC27DA /* FirebaseFirestoreSwift */ = {
			isa = XCSwiftPackageProductDependency;
			package = 950DAC8628D9913D00AC27DA /* XCRemoteSwiftPackageReference "firebase-ios-sdk" */;
			productName = FirebaseFirestoreSwift;
		};
		950DAC8D28D9913D00AC27DA /* FirebaseStorage */ = {
			isa = XCSwiftPackageProductDependency;
			package = 950DAC8628D9913D00AC27DA /* XCRemoteSwiftPackageReference "firebase-ios-sdk" */;
			productName = FirebaseStorage;
		};
		950DAC9028D9917800AC27DA /* SDWebImage */ = {
			isa = XCSwiftPackageProductDependency;
			package = 950DAC8F28D9917800AC27DA /* XCRemoteSwiftPackageReference "SDWebImage" */;
			productName = SDWebImage;
		};
		950DAC9328D991AA00AC27DA /* PKHUD */ = {
			isa = XCSwiftPackageProductDependency;
			package = 950DAC9228D991AA00AC27DA /* XCRemoteSwiftPackageReference "PKHUD" */;
			productName = PKHUD;
		};
		950DAC9628D992E200AC27DA /* RxCocoa */ = {
			isa = XCSwiftPackageProductDependency;
			package = 950DAC9528D992E200AC27DA /* XCRemoteSwiftPackageReference "RxSwift" */;
			productName = RxCocoa;
		};
		950DAC9828D992E200AC27DA /* RxRelay */ = {
			isa = XCSwiftPackageProductDependency;
			package = 950DAC9528D992E200AC27DA /* XCRemoteSwiftPackageReference "RxSwift" */;
			productName = RxRelay;
		};
		950DAC9A28D992E200AC27DA /* RxSwift */ = {
			isa = XCSwiftPackageProductDependency;
			package = 950DAC9528D992E200AC27DA /* XCRemoteSwiftPackageReference "RxSwift" */;
			productName = RxSwift;
		};
/* End XCSwiftPackageProductDependency section */
	};
	rootObject = 950DAC6728D9909600AC27DA /* Project object */;
}
